// !$*UTF8*$!
{
	archiveVersion = 1;
	classes = {
	};
	objectVersion = 56;
	objects = {

/* Begin PBXBuildFile section */
		2E6C517B2B927C7000626F95 /* MainTabView.swift in Sources */ = {isa = PBXBuildFile; fileRef = 2E6C517A2B927C7000626F95 /* MainTabView.swift */; };
		2E6C517D2B927DEF00626F95 /* GoogleService-Info.plist in Resources */ = {isa = PBXBuildFile; fileRef = 2E6C517C2B927DEF00626F95 /* GoogleService-Info.plist */; };
		2E6C51802B927ECB00626F95 /* ProfileView.swift in Sources */ = {isa = PBXBuildFile; fileRef = 2E6C517F2B927ECB00626F95 /* ProfileView.swift */; };
		2E6C51832B92817100626F95 /* MainSettingsView.swift in Sources */ = {isa = PBXBuildFile; fileRef = 2E6C51822B92817100626F95 /* MainSettingsView.swift */; };
		2E6C51862B92835C00626F95 /* UserListView.swift in Sources */ = {isa = PBXBuildFile; fileRef = 2E6C51852B92835C00626F95 /* UserListView.swift */; };
		2E6C51892B92840600626F95 /* LoginView.swift in Sources */ = {isa = PBXBuildFile; fileRef = 2E6C51882B92840600626F95 /* LoginView.swift */; };
		2E6C518C2B92847300626F95 /* LoginOptions.swift in Sources */ = {isa = PBXBuildFile; fileRef = 2E6C518B2B92847300626F95 /* LoginOptions.swift */; };
		2E6C518E2B92888200626F95 /* LoginController.swift in Sources */ = {isa = PBXBuildFile; fileRef = 2E6C518D2B92888200626F95 /* LoginController.swift */; };
		2E6C51962B9292DC00626F95 /* KoreanMasterCMSPreBuildTests.swift in Sources */ = {isa = PBXBuildFile; fileRef = 2E6C51952B9292DC00626F95 /* KoreanMasterCMSPreBuildTests.swift */; };
		2E6C519F2B92944000626F95 /* FirestoreUser.swift in Sources */ = {isa = PBXBuildFile; fileRef = 2E6C519E2B92944000626F95 /* FirestoreUser.swift */; };
		2E6C51A12B93567500626F95 /* UserCellView.swift in Sources */ = {isa = PBXBuildFile; fileRef = 2E6C51A02B93567500626F95 /* UserCellView.swift */; };
		2E6C51A62B9356DC00626F95 /* UserMocData.swift in Sources */ = {isa = PBXBuildFile; fileRef = 2E6C51A52B9356DC00626F95 /* UserMocData.swift */; };
		2E6C51A92B935AD300626F95 /* PasteboardController.swift in Sources */ = {isa = PBXBuildFile; fileRef = 2E6C51A82B935AD300626F95 /* PasteboardController.swift */; };
		2E6C51AC2B93668D00626F95 /* CourseLanguage.swift in Sources */ = {isa = PBXBuildFile; fileRef = 2E6C51AB2B93668D00626F95 /* CourseLanguage.swift */; };
		2E6C51AF2B936DA300626F95 /* LanguagesListView.swift in Sources */ = {isa = PBXBuildFile; fileRef = 2E6C51AE2B936DA300626F95 /* LanguagesListView.swift */; };
		2E6C51B22B93820700626F95 /* ModifyLanguageSheetView.swift in Sources */ = {isa = PBXBuildFile; fileRef = 2E6C51B12B93820700626F95 /* ModifyLanguageSheetView.swift */; };
		2E6C51B62B93825A00626F95 /* LanguageFromMocData.swift in Sources */ = {isa = PBXBuildFile; fileRef = 2E6C51B52B93825A00626F95 /* LanguageFromMocData.swift */; };
		2EAC1C332B93853B00F713F7 /* LanguageCellView.swift in Sources */ = {isa = PBXBuildFile; fileRef = 2EAC1C322B93853B00F713F7 /* LanguageCellView.swift */; };
		2EAC1C362B93AAB800F713F7 /* JSONView.swift in Sources */ = {isa = PBXBuildFile; fileRef = 2EAC1C352B93AAB800F713F7 /* JSONView.swift */; };
		2EAC1C3D2B93B77900F713F7 /* CoursesController.swift in Sources */ = {isa = PBXBuildFile; fileRef = 2EAC1C3C2B93B77900F713F7 /* CoursesController.swift */; };
		2EAC1C482B94B88100F713F7 /* LanguageSmallDetailCellView.swift in Sources */ = {isa = PBXBuildFile; fileRef = 2EAC1C472B94B88100F713F7 /* LanguageSmallDetailCellView.swift */; };
		2EAC1C512B97A5DD00F713F7 /* Lesson.swift in Sources */ = {isa = PBXBuildFile; fileRef = 2EAC1C502B97A5DD00F713F7 /* Lesson.swift */; };
		2EAC1C542B97AA1C00F713F7 /* LessonTagSmallView.swift in Sources */ = {isa = PBXBuildFile; fileRef = 2EAC1C532B97AA1C00F713F7 /* LessonTagSmallView.swift */; };
		2EAC1C582B98729200F713F7 /* AllLessonsLocalizedMocData.swift in Sources */ = {isa = PBXBuildFile; fileRef = 2EAC1C572B98729200F713F7 /* AllLessonsLocalizedMocData.swift */; };
		2EAC1C5B2B989EBB00F713F7 /* AllLessonsListView.swift in Sources */ = {isa = PBXBuildFile; fileRef = 2EAC1C5A2B989EBB00F713F7 /* AllLessonsListView.swift */; };
		2EAC1C5E2B98BC0900F713F7 /* DocumentReferenceGenerator.swift in Sources */ = {isa = PBXBuildFile; fileRef = 2EAC1C5D2B98BC0900F713F7 /* DocumentReferenceGenerator.swift */; };
		2EF41ACD2B927A36007431ED /* KoreanMasterCMSPreBuildApp.swift in Sources */ = {isa = PBXBuildFile; fileRef = 2EF41ACC2B927A36007431ED /* KoreanMasterCMSPreBuildApp.swift */; };
		2EF41ACF2B927A36007431ED /* ContentView.swift in Sources */ = {isa = PBXBuildFile; fileRef = 2EF41ACE2B927A36007431ED /* ContentView.swift */; };
		2EF41AD12B927A38007431ED /* Assets.xcassets in Resources */ = {isa = PBXBuildFile; fileRef = 2EF41AD02B927A38007431ED /* Assets.xcassets */; };
		2EF41AD52B927A38007431ED /* Preview Assets.xcassets in Resources */ = {isa = PBXBuildFile; fileRef = 2EF41AD42B927A38007431ED /* Preview Assets.xcassets */; };
		2EF41AE12B927B37007431ED /* FirebaseAuth in Frameworks */ = {isa = PBXBuildFile; productRef = 2EF41AE02B927B37007431ED /* FirebaseAuth */; };
		2EF41AE32B927B37007431ED /* FirebaseFirestore in Frameworks */ = {isa = PBXBuildFile; productRef = 2EF41AE22B927B37007431ED /* FirebaseFirestore */; };
/* End PBXBuildFile section */

/* Begin PBXContainerItemProxy section */
		2E6C51972B9292DC00626F95 /* PBXContainerItemProxy */ = {
			isa = PBXContainerItemProxy;
			containerPortal = 2EF41AC12B927A36007431ED /* Project object */;
			proxyType = 1;
			remoteGlobalIDString = 2EF41AC82B927A36007431ED;
			remoteInfo = KoreanMasterCMSPreBuild;
		};
/* End PBXContainerItemProxy section */

/* Begin PBXFileReference section */
		2E6C517A2B927C7000626F95 /* MainTabView.swift */ = {isa = PBXFileReference; lastKnownFileType = sourcecode.swift; path = MainTabView.swift; sourceTree = "<group>"; };
		2E6C517C2B927DEF00626F95 /* GoogleService-Info.plist */ = {isa = PBXFileReference; fileEncoding = 4; lastKnownFileType = text.plist.xml; path = "GoogleService-Info.plist"; sourceTree = "<group>"; };
		2E6C517F2B927ECB00626F95 /* ProfileView.swift */ = {isa = PBXFileReference; lastKnownFileType = sourcecode.swift; path = ProfileView.swift; sourceTree = "<group>"; };
		2E6C51822B92817100626F95 /* MainSettingsView.swift */ = {isa = PBXFileReference; lastKnownFileType = sourcecode.swift; path = MainSettingsView.swift; sourceTree = "<group>"; };
		2E6C51852B92835C00626F95 /* UserListView.swift */ = {isa = PBXFileReference; lastKnownFileType = sourcecode.swift; path = UserListView.swift; sourceTree = "<group>"; };
		2E6C51882B92840600626F95 /* LoginView.swift */ = {isa = PBXFileReference; lastKnownFileType = sourcecode.swift; path = LoginView.swift; sourceTree = "<group>"; };
		2E6C518B2B92847300626F95 /* LoginOptions.swift */ = {isa = PBXFileReference; lastKnownFileType = sourcecode.swift; path = LoginOptions.swift; sourceTree = "<group>"; };
		2E6C518D2B92888200626F95 /* LoginController.swift */ = {isa = PBXFileReference; lastKnownFileType = sourcecode.swift; path = LoginController.swift; sourceTree = "<group>"; };
		2E6C51932B9292DC00626F95 /* KoreanMasterCMSPreBuildTests.xctest */ = {isa = PBXFileReference; explicitFileType = wrapper.cfbundle; includeInIndex = 0; path = KoreanMasterCMSPreBuildTests.xctest; sourceTree = BUILT_PRODUCTS_DIR; };
		2E6C51952B9292DC00626F95 /* KoreanMasterCMSPreBuildTests.swift */ = {isa = PBXFileReference; lastKnownFileType = sourcecode.swift; path = KoreanMasterCMSPreBuildTests.swift; sourceTree = "<group>"; };
		2E6C519E2B92944000626F95 /* FirestoreUser.swift */ = {isa = PBXFileReference; lastKnownFileType = sourcecode.swift; path = FirestoreUser.swift; sourceTree = "<group>"; };
		2E6C51A02B93567500626F95 /* UserCellView.swift */ = {isa = PBXFileReference; lastKnownFileType = sourcecode.swift; path = UserCellView.swift; sourceTree = "<group>"; };
		2E6C51A52B9356DC00626F95 /* UserMocData.swift */ = {isa = PBXFileReference; lastKnownFileType = sourcecode.swift; path = UserMocData.swift; sourceTree = "<group>"; };
		2E6C51A82B935AD300626F95 /* PasteboardController.swift */ = {isa = PBXFileReference; lastKnownFileType = sourcecode.swift; path = PasteboardController.swift; sourceTree = "<group>"; };
		2E6C51AB2B93668D00626F95 /* CourseLanguage.swift */ = {isa = PBXFileReference; lastKnownFileType = sourcecode.swift; path = CourseLanguage.swift; sourceTree = "<group>"; };
		2E6C51AE2B936DA300626F95 /* LanguagesListView.swift */ = {isa = PBXFileReference; lastKnownFileType = sourcecode.swift; path = LanguagesListView.swift; sourceTree = "<group>"; };
		2E6C51B12B93820700626F95 /* ModifyLanguageSheetView.swift */ = {isa = PBXFileReference; lastKnownFileType = sourcecode.swift; path = ModifyLanguageSheetView.swift; sourceTree = "<group>"; };
		2E6C51B52B93825A00626F95 /* LanguageFromMocData.swift */ = {isa = PBXFileReference; lastKnownFileType = sourcecode.swift; path = LanguageFromMocData.swift; sourceTree = "<group>"; };
		2EAC1C322B93853B00F713F7 /* LanguageCellView.swift */ = {isa = PBXFileReference; lastKnownFileType = sourcecode.swift; path = LanguageCellView.swift; sourceTree = "<group>"; };
		2EAC1C352B93AAB800F713F7 /* JSONView.swift */ = {isa = PBXFileReference; lastKnownFileType = sourcecode.swift; path = JSONView.swift; sourceTree = "<group>"; };
		2EAC1C3C2B93B77900F713F7 /* CoursesController.swift */ = {isa = PBXFileReference; lastKnownFileType = sourcecode.swift; path = CoursesController.swift; sourceTree = "<group>"; };
		2EAC1C472B94B88100F713F7 /* LanguageSmallDetailCellView.swift */ = {isa = PBXFileReference; lastKnownFileType = sourcecode.swift; path = LanguageSmallDetailCellView.swift; sourceTree = "<group>"; };
		2EAC1C502B97A5DD00F713F7 /* Lesson.swift */ = {isa = PBXFileReference; lastKnownFileType = sourcecode.swift; name = Lesson.swift; path = KoreanMasterCMSPreBuild/Models/Lesson/Lesson.swift; sourceTree = SOURCE_ROOT; };
		2EAC1C532B97AA1C00F713F7 /* LessonTagSmallView.swift */ = {isa = PBXFileReference; lastKnownFileType = sourcecode.swift; path = LessonTagSmallView.swift; sourceTree = "<group>"; };
		2EAC1C572B98729200F713F7 /* AllLessonsLocalizedMocData.swift */ = {isa = PBXFileReference; lastKnownFileType = sourcecode.swift; path = AllLessonsLocalizedMocData.swift; sourceTree = "<group>"; };
		2EAC1C5A2B989EBB00F713F7 /* AllLessonsListView.swift */ = {isa = PBXFileReference; lastKnownFileType = sourcecode.swift; path = AllLessonsListView.swift; sourceTree = "<group>"; };
		2EAC1C5D2B98BC0900F713F7 /* DocumentReferenceGenerator.swift */ = {isa = PBXFileReference; lastKnownFileType = sourcecode.swift; path = DocumentReferenceGenerator.swift; sourceTree = "<group>"; };
		2EF41AC92B927A36007431ED /* KoreanMasterCMSPreBuild.app */ = {isa = PBXFileReference; explicitFileType = wrapper.application; includeInIndex = 0; path = KoreanMasterCMSPreBuild.app; sourceTree = BUILT_PRODUCTS_DIR; };
		2EF41ACC2B927A36007431ED /* KoreanMasterCMSPreBuildApp.swift */ = {isa = PBXFileReference; lastKnownFileType = sourcecode.swift; path = KoreanMasterCMSPreBuildApp.swift; sourceTree = "<group>"; };
		2EF41ACE2B927A36007431ED /* ContentView.swift */ = {isa = PBXFileReference; lastKnownFileType = sourcecode.swift; path = ContentView.swift; sourceTree = "<group>"; };
		2EF41AD02B927A38007431ED /* Assets.xcassets */ = {isa = PBXFileReference; lastKnownFileType = folder.assetcatalog; path = Assets.xcassets; sourceTree = "<group>"; };
		2EF41AD22B927A38007431ED /* KoreanMasterCMSPreBuild.entitlements */ = {isa = PBXFileReference; lastKnownFileType = text.plist.entitlements; path = KoreanMasterCMSPreBuild.entitlements; sourceTree = "<group>"; };
		2EF41AD42B927A38007431ED /* Preview Assets.xcassets */ = {isa = PBXFileReference; lastKnownFileType = folder.assetcatalog; path = "Preview Assets.xcassets"; sourceTree = "<group>"; };
/* End PBXFileReference section */

/* Begin PBXFrameworksBuildPhase section */
		2E6C51902B9292DC00626F95 /* Frameworks */ = {
			isa = PBXFrameworksBuildPhase;
			buildActionMask = 2147483647;
			files = (
			);
			runOnlyForDeploymentPostprocessing = 0;
		};
		2EF41AC62B927A36007431ED /* Frameworks */ = {
			isa = PBXFrameworksBuildPhase;
			buildActionMask = 2147483647;
			files = (
				2EF41AE12B927B37007431ED /* FirebaseAuth in Frameworks */,
				2EF41AE32B927B37007431ED /* FirebaseFirestore in Frameworks */,
			);
			runOnlyForDeploymentPostprocessing = 0;
		};
/* End PBXFrameworksBuildPhase section */

/* Begin PBXGroup section */
		2E6C51792B927C6500626F95 /* MainTabView */ = {
			isa = PBXGroup;
			children = (
				2E6C517A2B927C7000626F95 /* MainTabView.swift */,
			);
			path = MainTabView;
			sourceTree = "<group>";
		};
		2E6C517E2B927E3A00626F95 /* User */ = {
			isa = PBXGroup;
			children = (
				2E6C51AD2B936D7200626F95 /* Languages */,
				2E6C51872B9283E800626F95 /* Login */,
				2E6C51842B92828C00626F95 /* UserLists */,
				2E6C517F2B927ECB00626F95 /* ProfileView.swift */,
			);
			path = User;
			sourceTree = "<group>";
		};
		2E6C51812B92816300626F95 /* Settings */ = {
			isa = PBXGroup;
			children = (
				2E6C51822B92817100626F95 /* MainSettingsView.swift */,
			);
			path = Settings;
			sourceTree = "<group>";
		};
		2E6C51842B92828C00626F95 /* UserLists */ = {
			isa = PBXGroup;
			children = (
				2E6C51852B92835C00626F95 /* UserListView.swift */,
				2E6C51A02B93567500626F95 /* UserCellView.swift */,
			);
			path = UserLists;
			sourceTree = "<group>";
		};
		2E6C51872B9283E800626F95 /* Login */ = {
			isa = PBXGroup;
			children = (
				2E6C51882B92840600626F95 /* LoginView.swift */,
			);
			path = Login;
			sourceTree = "<group>";
		};
		2E6C518A2B92846600626F95 /* User */ = {
			isa = PBXGroup;
			children = (
				2E6C518B2B92847300626F95 /* LoginOptions.swift */,
				2E6C519E2B92944000626F95 /* FirestoreUser.swift */,
			);
			path = User;
			sourceTree = "<group>";
		};
		2E6C51942B9292DC00626F95 /* KoreanMasterCMSPreBuildTests */ = {
			isa = PBXGroup;
			children = (
				2E6C519C2B92930400626F95 /* ControllerTest */,
				2E6C51952B9292DC00626F95 /* KoreanMasterCMSPreBuildTests.swift */,
			);
			path = KoreanMasterCMSPreBuildTests;
			sourceTree = "<group>";
		};
		2E6C519C2B92930400626F95 /* ControllerTest */ = {
			isa = PBXGroup;
			children = (
			);
			path = ControllerTest;
			sourceTree = "<group>";
		};
		2E6C51A32B9356C900626F95 /* MocData */ = {
			isa = PBXGroup;
			children = (
				2EAC1C562B98725B00F713F7 /* Lesson */,
				2E6C51B42B93823000626F95 /* Language */,
				2E6C51A42B9356D000626F95 /* User */,
			);
			path = MocData;
			sourceTree = "<group>";
		};
		2E6C51A42B9356D000626F95 /* User */ = {
			isa = PBXGroup;
			children = (
				2E6C51A52B9356DC00626F95 /* UserMocData.swift */,
			);
			path = User;
			sourceTree = "<group>";
		};
		2E6C51A72B935AC700626F95 /* Helper */ = {
			isa = PBXGroup;
			children = (
				2E6C51A82B935AD300626F95 /* PasteboardController.swift */,
			);
			path = Helper;
			sourceTree = "<group>";
		};
		2E6C51AA2B93667800626F95 /* Language */ = {
			isa = PBXGroup;
			children = (
				2E6C51AB2B93668D00626F95 /* CourseLanguage.swift */,
			);
			path = Language;
			sourceTree = "<group>";
		};
		2E6C51AD2B936D7200626F95 /* Languages */ = {
			isa = PBXGroup;
			children = (
				2E6C51B02B9381CB00626F95 /* modifyLanguage */,
				2E6C51AE2B936DA300626F95 /* LanguagesListView.swift */,
				2EAC1C322B93853B00F713F7 /* LanguageCellView.swift */,
				2EAC1C472B94B88100F713F7 /* LanguageSmallDetailCellView.swift */,
			);
			path = Languages;
			sourceTree = "<group>";
		};
		2E6C51B02B9381CB00626F95 /* modifyLanguage */ = {
			isa = PBXGroup;
			children = (
				2E6C51B12B93820700626F95 /* ModifyLanguageSheetView.swift */,
			);
			path = modifyLanguage;
			sourceTree = "<group>";
		};
		2E6C51B42B93823000626F95 /* Language */ = {
			isa = PBXGroup;
			children = (
				2E6C51B52B93825A00626F95 /* LanguageFromMocData.swift */,
			);
			path = Language;
			sourceTree = "<group>";
		};
		2EAC1C342B93AAAA00F713F7 /* Helper */ = {
			isa = PBXGroup;
			children = (
				2EAC1C352B93AAB800F713F7 /* JSONView.swift */,
			);
			path = Helper;
			sourceTree = "<group>";
		};
		2EAC1C522B97A9F800F713F7 /* LessonTag */ = {
			isa = PBXGroup;
			children = (
				2EAC1C532B97AA1C00F713F7 /* LessonTagSmallView.swift */,
			);
			path = LessonTag;
			sourceTree = "<group>";
		};
		2EAC1C552B98713400F713F7 /* Lesson */ = {
			isa = PBXGroup;
			children = (
				2EAC1C502B97A5DD00F713F7 /* Lesson.swift */,
			);
			path = Lesson;
			sourceTree = "<group>";
		};
		2EAC1C562B98725B00F713F7 /* Lesson */ = {
			isa = PBXGroup;
			children = (
				2EAC1C572B98729200F713F7 /* AllLessonsLocalizedMocData.swift */,
			);
			path = Lesson;
			sourceTree = "<group>";
		};
		2EAC1C592B989E9600F713F7 /* Lessons */ = {
			isa = PBXGroup;
			children = (
				2EAC1C522B97A9F800F713F7 /* LessonTag */,
				2EAC1C5A2B989EBB00F713F7 /* AllLessonsListView.swift */,
			);
			path = Lessons;
			sourceTree = "<group>";
		};
		2EAC1C5C2B98BBF600F713F7 /* Courses */ = {
			isa = PBXGroup;
			children = (
				2EAC1C3C2B93B77900F713F7 /* CoursesController.swift */,
				2EAC1C5D2B98BC0900F713F7 /* DocumentReferenceGenerator.swift */,
			);
			path = Courses;
			sourceTree = "<group>";
		};
		2EF41AC02B927A36007431ED = {
			isa = PBXGroup;
			children = (
				2EF41ACB2B927A36007431ED /* KoreanMasterCMSPreBuild */,
				2E6C51942B9292DC00626F95 /* KoreanMasterCMSPreBuildTests */,
				2EF41ACA2B927A36007431ED /* Products */,
			);
			sourceTree = "<group>";
		};
		2EF41ACA2B927A36007431ED /* Products */ = {
			isa = PBXGroup;
			children = (
				2EF41AC92B927A36007431ED /* KoreanMasterCMSPreBuild.app */,
				2E6C51932B9292DC00626F95 /* KoreanMasterCMSPreBuildTests.xctest */,
			);
			name = Products;
			sourceTree = "<group>";
		};
		2EF41ACB2B927A36007431ED /* KoreanMasterCMSPreBuild */ = {
			isa = PBXGroup;
			children = (
				2EF41ACC2B927A36007431ED /* KoreanMasterCMSPreBuildApp.swift */,
				2EF41ADE2B927AC9007431ED /* Models */,
				2EF41ADC2B927ABD007431ED /* Controllers */,
				2EF41ADB2B927A9A007431ED /* Views */,
				2EF41AD02B927A38007431ED /* Assets.xcassets */,
				2EF41AD22B927A38007431ED /* KoreanMasterCMSPreBuild.entitlements */,
				2E6C517C2B927DEF00626F95 /* GoogleService-Info.plist */,
				2EF41AD32B927A38007431ED /* Preview Content */,
			);
			path = KoreanMasterCMSPreBuild;
			sourceTree = "<group>";
		};
		2EF41AD32B927A38007431ED /* Preview Content */ = {
			isa = PBXGroup;
			children = (
				2EF41AD42B927A38007431ED /* Preview Assets.xcassets */,
			);
			path = "Preview Content";
			sourceTree = "<group>";
		};
		2EF41ADB2B927A9A007431ED /* Views */ = {
			isa = PBXGroup;
			children = (
				2EF41ACE2B927A36007431ED /* ContentView.swift */,
				2EAC1C342B93AAAA00F713F7 /* Helper */,
				2EAC1C592B989E9600F713F7 /* Lessons */,
				2E6C51792B927C6500626F95 /* MainTabView */,
				2E6C51812B92816300626F95 /* Settings */,
				2E6C517E2B927E3A00626F95 /* User */,
			);
			path = Views;
			sourceTree = "<group>";
		};
		2EF41ADC2B927ABD007431ED /* Controllers */ = {
			isa = PBXGroup;
			children = (
				2EAC1C5C2B98BBF600F713F7 /* Courses */,
				2E6C51A72B935AC700626F95 /* Helper */,
				2E6C518D2B92888200626F95 /* LoginController.swift */,
			);
			path = Controllers;
			sourceTree = "<group>";
		};
		2EF41ADE2B927AC9007431ED /* Models */ = {
			isa = PBXGroup;
			children = (
				2E6C51A32B9356C900626F95 /* MocData */,
				2EAC1C552B98713400F713F7 /* Lesson */,
				2E6C51AA2B93667800626F95 /* Language */,
				2E6C518A2B92846600626F95 /* User */,
			);
			path = Models;
			sourceTree = "<group>";
		};
/* End PBXGroup section */

/* Begin PBXNativeTarget section */
		2E6C51922B9292DC00626F95 /* KoreanMasterCMSPreBuildTests */ = {
			isa = PBXNativeTarget;
			buildConfigurationList = 2E6C51992B9292DC00626F95 /* Build configuration list for PBXNativeTarget "KoreanMasterCMSPreBuildTests" */;
			buildPhases = (
				2E6C518F2B9292DC00626F95 /* Sources */,
				2E6C51902B9292DC00626F95 /* Frameworks */,
				2E6C51912B9292DC00626F95 /* Resources */,
			);
			buildRules = (
			);
			dependencies = (
				2E6C51982B9292DC00626F95 /* PBXTargetDependency */,
			);
			name = KoreanMasterCMSPreBuildTests;
			productName = KoreanMasterCMSPreBuildTests;
			productReference = 2E6C51932B9292DC00626F95 /* KoreanMasterCMSPreBuildTests.xctest */;
			productType = "com.apple.product-type.bundle.unit-test";
		};
		2EF41AC82B927A36007431ED /* KoreanMasterCMSPreBuild */ = {
			isa = PBXNativeTarget;
			buildConfigurationList = 2EF41AD82B927A38007431ED /* Build configuration list for PBXNativeTarget "KoreanMasterCMSPreBuild" */;
			buildPhases = (
				2EF41AC52B927A36007431ED /* Sources */,
				2EF41AC62B927A36007431ED /* Frameworks */,
				2EF41AC72B927A36007431ED /* Resources */,
			);
			buildRules = (
			);
			dependencies = (
			);
			name = KoreanMasterCMSPreBuild;
			packageProductDependencies = (
				2EF41AE02B927B37007431ED /* FirebaseAuth */,
				2EF41AE22B927B37007431ED /* FirebaseFirestore */,
			);
			productName = KoreanMasterCMSPreBuild;
			productReference = 2EF41AC92B927A36007431ED /* KoreanMasterCMSPreBuild.app */;
			productType = "com.apple.product-type.application";
		};
/* End PBXNativeTarget section */

/* Begin PBXProject section */
		2EF41AC12B927A36007431ED /* Project object */ = {
			isa = PBXProject;
			attributes = {
				BuildIndependentTargetsInParallel = 1;
				LastSwiftUpdateCheck = 1520;
				LastUpgradeCheck = 1520;
				TargetAttributes = {
					2E6C51922B9292DC00626F95 = {
						CreatedOnToolsVersion = 15.2;
						TestTargetID = 2EF41AC82B927A36007431ED;
					};
					2EF41AC82B927A36007431ED = {
						CreatedOnToolsVersion = 15.2;
					};
				};
			};
			buildConfigurationList = 2EF41AC42B927A36007431ED /* Build configuration list for PBXProject "KoreanMasterCMSPreBuild" */;
			compatibilityVersion = "Xcode 14.0";
			developmentRegion = en;
			hasScannedForEncodings = 0;
			knownRegions = (
				en,
				Base,
			);
			mainGroup = 2EF41AC02B927A36007431ED;
			packageReferences = (
				2EF41ADF2B927B37007431ED /* XCRemoteSwiftPackageReference "firebase-ios-sdk" */,
			);
			productRefGroup = 2EF41ACA2B927A36007431ED /* Products */;
			projectDirPath = "";
			projectRoot = "";
			targets = (
				2EF41AC82B927A36007431ED /* KoreanMasterCMSPreBuild */,
				2E6C51922B9292DC00626F95 /* KoreanMasterCMSPreBuildTests */,
			);
		};
/* End PBXProject section */

/* Begin PBXResourcesBuildPhase section */
		2E6C51912B9292DC00626F95 /* Resources */ = {
			isa = PBXResourcesBuildPhase;
			buildActionMask = 2147483647;
			files = (
			);
			runOnlyForDeploymentPostprocessing = 0;
		};
		2EF41AC72B927A36007431ED /* Resources */ = {
			isa = PBXResourcesBuildPhase;
			buildActionMask = 2147483647;
			files = (
				2EF41AD52B927A38007431ED /* Preview Assets.xcassets in Resources */,
				2EF41AD12B927A38007431ED /* Assets.xcassets in Resources */,
				2E6C517D2B927DEF00626F95 /* GoogleService-Info.plist in Resources */,
			);
			runOnlyForDeploymentPostprocessing = 0;
		};
/* End PBXResourcesBuildPhase section */

/* Begin PBXSourcesBuildPhase section */
		2E6C518F2B9292DC00626F95 /* Sources */ = {
			isa = PBXSourcesBuildPhase;
			buildActionMask = 2147483647;
			files = (
				2E6C51962B9292DC00626F95 /* KoreanMasterCMSPreBuildTests.swift in Sources */,
			);
			runOnlyForDeploymentPostprocessing = 0;
		};
		2EF41AC52B927A36007431ED /* Sources */ = {
			isa = PBXSourcesBuildPhase;
			buildActionMask = 2147483647;
			files = (
				2E6C51802B927ECB00626F95 /* ProfileView.swift in Sources */,
				2E6C51B62B93825A00626F95 /* LanguageFromMocData.swift in Sources */,
				2E6C51892B92840600626F95 /* LoginView.swift in Sources */,
				2EAC1C362B93AAB800F713F7 /* JSONView.swift in Sources */,
				2E6C518C2B92847300626F95 /* LoginOptions.swift in Sources */,
				2EAC1C482B94B88100F713F7 /* LanguageSmallDetailCellView.swift in Sources */,
				2EAC1C332B93853B00F713F7 /* LanguageCellView.swift in Sources */,
				2EAC1C3D2B93B77900F713F7 /* CoursesController.swift in Sources */,
				2E6C51862B92835C00626F95 /* UserListView.swift in Sources */,
				2E6C51A62B9356DC00626F95 /* UserMocData.swift in Sources */,
				2EAC1C5E2B98BC0900F713F7 /* DocumentReferenceGenerator.swift in Sources */,
				2E6C51A12B93567500626F95 /* UserCellView.swift in Sources */,
				2E6C518E2B92888200626F95 /* LoginController.swift in Sources */,
				2E6C51AF2B936DA300626F95 /* LanguagesListView.swift in Sources */,
				2EAC1C5B2B989EBB00F713F7 /* AllLessonsListView.swift in Sources */,
				2EAC1C542B97AA1C00F713F7 /* LessonTagSmallView.swift in Sources */,
				2E6C51B22B93820700626F95 /* ModifyLanguageSheetView.swift in Sources */,
				2E6C519F2B92944000626F95 /* FirestoreUser.swift in Sources */,
				2EF41ACF2B927A36007431ED /* ContentView.swift in Sources */,
				2E6C51832B92817100626F95 /* MainSettingsView.swift in Sources */,
				2E6C51A92B935AD300626F95 /* PasteboardController.swift in Sources */,
				2EF41ACD2B927A36007431ED /* KoreanMasterCMSPreBuildApp.swift in Sources */,
				2E6C517B2B927C7000626F95 /* MainTabView.swift in Sources */,
				2E6C51AC2B93668D00626F95 /* CourseLanguage.swift in Sources */,
				2EAC1C582B98729200F713F7 /* AllLessonsLocalizedMocData.swift in Sources */,
				2EAC1C512B97A5DD00F713F7 /* Lesson.swift in Sources */,
			);
			runOnlyForDeploymentPostprocessing = 0;
		};
/* End PBXSourcesBuildPhase section */

/* Begin PBXTargetDependency section */
		2E6C51982B9292DC00626F95 /* PBXTargetDependency */ = {
			isa = PBXTargetDependency;
			target = 2EF41AC82B927A36007431ED /* KoreanMasterCMSPreBuild */;
			targetProxy = 2E6C51972B9292DC00626F95 /* PBXContainerItemProxy */;
		};
/* End PBXTargetDependency section */

/* Begin XCBuildConfiguration section */
		2E6C519A2B9292DC00626F95 /* Debug */ = {
			isa = XCBuildConfiguration;
			buildSettings = {
				BUNDLE_LOADER = "$(TEST_HOST)";
				CODE_SIGN_STYLE = Automatic;
				CURRENT_PROJECT_VERSION = 1;
				DEVELOPMENT_TEAM = DRJ4KKKV4T;
				GENERATE_INFOPLIST_FILE = YES;
				IPHONEOS_DEPLOYMENT_TARGET = 17.2;
				MACOSX_DEPLOYMENT_TARGET = 14.2;
				MARKETING_VERSION = 1.0;
				PRODUCT_BUNDLE_IDENTIFIER = com.MalteRuff.KoreanMasterCMSPreBuildTests;
				PRODUCT_NAME = "$(TARGET_NAME)";
				SDKROOT = auto;
				SUPPORTED_PLATFORMS = "iphoneos iphonesimulator macosx";
				SWIFT_EMIT_LOC_STRINGS = NO;
				SWIFT_VERSION = 5.0;
				TARGETED_DEVICE_FAMILY = "1,2";
				TEST_HOST = "$(BUILT_PRODUCTS_DIR)/KoreanMasterCMSPreBuild.app/$(BUNDLE_EXECUTABLE_FOLDER_PATH)/KoreanMasterCMSPreBuild";
			};
			name = Debug;
		};
		2E6C519B2B9292DC00626F95 /* Release */ = {
			isa = XCBuildConfiguration;
			buildSettings = {
				BUNDLE_LOADER = "$(TEST_HOST)";
				CODE_SIGN_STYLE = Automatic;
				CURRENT_PROJECT_VERSION = 1;
				DEVELOPMENT_TEAM = DRJ4KKKV4T;
				GENERATE_INFOPLIST_FILE = YES;
				IPHONEOS_DEPLOYMENT_TARGET = 17.2;
				MACOSX_DEPLOYMENT_TARGET = 14.2;
				MARKETING_VERSION = 1.0;
				PRODUCT_BUNDLE_IDENTIFIER = com.MalteRuff.KoreanMasterCMSPreBuildTests;
				PRODUCT_NAME = "$(TARGET_NAME)";
				SDKROOT = auto;
				SUPPORTED_PLATFORMS = "iphoneos iphonesimulator macosx";
				SWIFT_EMIT_LOC_STRINGS = NO;
				SWIFT_VERSION = 5.0;
				TARGETED_DEVICE_FAMILY = "1,2";
				TEST_HOST = "$(BUILT_PRODUCTS_DIR)/KoreanMasterCMSPreBuild.app/$(BUNDLE_EXECUTABLE_FOLDER_PATH)/KoreanMasterCMSPreBuild";
			};
			name = Release;
		};
		2EF41AD62B927A38007431ED /* Debug */ = {
			isa = XCBuildConfiguration;
			buildSettings = {
				ALWAYS_SEARCH_USER_PATHS = NO;
				ASSETCATALOG_COMPILER_GENERATE_SWIFT_ASSET_SYMBOL_EXTENSIONS = YES;
				CLANG_ANALYZER_NONNULL = YES;
				CLANG_ANALYZER_NUMBER_OBJECT_CONVERSION = YES_AGGRESSIVE;
				CLANG_CXX_LANGUAGE_STANDARD = "gnu++20";
				CLANG_ENABLE_MODULES = YES;
				CLANG_ENABLE_OBJC_ARC = YES;
				CLANG_ENABLE_OBJC_WEAK = YES;
				CLANG_WARN_BLOCK_CAPTURE_AUTORELEASING = YES;
				CLANG_WARN_BOOL_CONVERSION = YES;
				CLANG_WARN_COMMA = YES;
				CLANG_WARN_CONSTANT_CONVERSION = YES;
				CLANG_WARN_DEPRECATED_OBJC_IMPLEMENTATIONS = YES;
				CLANG_WARN_DIRECT_OBJC_ISA_USAGE = YES_ERROR;
				CLANG_WARN_DOCUMENTATION_COMMENTS = YES;
				CLANG_WARN_EMPTY_BODY = YES;
				CLANG_WARN_ENUM_CONVERSION = YES;
				CLANG_WARN_INFINITE_RECURSION = YES;
				CLANG_WARN_INT_CONVERSION = YES;
				CLANG_WARN_NON_LITERAL_NULL_CONVERSION = YES;
				CLANG_WARN_OBJC_IMPLICIT_RETAIN_SELF = YES;
				CLANG_WARN_OBJC_LITERAL_CONVERSION = YES;
				CLANG_WARN_OBJC_ROOT_CLASS = YES_ERROR;
				CLANG_WARN_QUOTED_INCLUDE_IN_FRAMEWORK_HEADER = YES;
				CLANG_WARN_RANGE_LOOP_ANALYSIS = YES;
				CLANG_WARN_STRICT_PROTOTYPES = YES;
				CLANG_WARN_SUSPICIOUS_MOVE = YES;
				CLANG_WARN_UNGUARDED_AVAILABILITY = YES_AGGRESSIVE;
				CLANG_WARN_UNREACHABLE_CODE = YES;
				CLANG_WARN__DUPLICATE_METHOD_MATCH = YES;
				COPY_PHASE_STRIP = NO;
				DEBUG_INFORMATION_FORMAT = dwarf;
				ENABLE_STRICT_OBJC_MSGSEND = YES;
				ENABLE_TESTABILITY = YES;
				ENABLE_USER_SCRIPT_SANDBOXING = YES;
				GCC_C_LANGUAGE_STANDARD = gnu17;
				GCC_DYNAMIC_NO_PIC = NO;
				GCC_NO_COMMON_BLOCKS = YES;
				GCC_OPTIMIZATION_LEVEL = 0;
				GCC_PREPROCESSOR_DEFINITIONS = (
					"DEBUG=1",
					"$(inherited)",
				);
				GCC_WARN_64_TO_32_BIT_CONVERSION = YES;
				GCC_WARN_ABOUT_RETURN_TYPE = YES_ERROR;
				GCC_WARN_UNDECLARED_SELECTOR = YES;
				GCC_WARN_UNINITIALIZED_AUTOS = YES_AGGRESSIVE;
				GCC_WARN_UNUSED_FUNCTION = YES;
				GCC_WARN_UNUSED_VARIABLE = YES;
				LOCALIZATION_PREFERS_STRING_CATALOGS = YES;
				MTL_ENABLE_DEBUG_INFO = INCLUDE_SOURCE;
				MTL_FAST_MATH = YES;
				ONLY_ACTIVE_ARCH = YES;
				SWIFT_ACTIVE_COMPILATION_CONDITIONS = "DEBUG $(inherited)";
				SWIFT_OPTIMIZATION_LEVEL = "-Onone";
			};
			name = Debug;
		};
		2EF41AD72B927A38007431ED /* Release */ = {
			isa = XCBuildConfiguration;
			buildSettings = {
				ALWAYS_SEARCH_USER_PATHS = NO;
				ASSETCATALOG_COMPILER_GENERATE_SWIFT_ASSET_SYMBOL_EXTENSIONS = YES;
				CLANG_ANALYZER_NONNULL = YES;
				CLANG_ANALYZER_NUMBER_OBJECT_CONVERSION = YES_AGGRESSIVE;
				CLANG_CXX_LANGUAGE_STANDARD = "gnu++20";
				CLANG_ENABLE_MODULES = YES;
				CLANG_ENABLE_OBJC_ARC = YES;
				CLANG_ENABLE_OBJC_WEAK = YES;
				CLANG_WARN_BLOCK_CAPTURE_AUTORELEASING = YES;
				CLANG_WARN_BOOL_CONVERSION = YES;
				CLANG_WARN_COMMA = YES;
				CLANG_WARN_CONSTANT_CONVERSION = YES;
				CLANG_WARN_DEPRECATED_OBJC_IMPLEMENTATIONS = YES;
				CLANG_WARN_DIRECT_OBJC_ISA_USAGE = YES_ERROR;
				CLANG_WARN_DOCUMENTATION_COMMENTS = YES;
				CLANG_WARN_EMPTY_BODY = YES;
				CLANG_WARN_ENUM_CONVERSION = YES;
				CLANG_WARN_INFINITE_RECURSION = YES;
				CLANG_WARN_INT_CONVERSION = YES;
				CLANG_WARN_NON_LITERAL_NULL_CONVERSION = YES;
				CLANG_WARN_OBJC_IMPLICIT_RETAIN_SELF = YES;
				CLANG_WARN_OBJC_LITERAL_CONVERSION = YES;
				CLANG_WARN_OBJC_ROOT_CLASS = YES_ERROR;
				CLANG_WARN_QUOTED_INCLUDE_IN_FRAMEWORK_HEADER = YES;
				CLANG_WARN_RANGE_LOOP_ANALYSIS = YES;
				CLANG_WARN_STRICT_PROTOTYPES = YES;
				CLANG_WARN_SUSPICIOUS_MOVE = YES;
				CLANG_WARN_UNGUARDED_AVAILABILITY = YES_AGGRESSIVE;
				CLANG_WARN_UNREACHABLE_CODE = YES;
				CLANG_WARN__DUPLICATE_METHOD_MATCH = YES;
				COPY_PHASE_STRIP = NO;
				DEBUG_INFORMATION_FORMAT = "dwarf-with-dsym";
				ENABLE_NS_ASSERTIONS = NO;
				ENABLE_STRICT_OBJC_MSGSEND = YES;
				ENABLE_USER_SCRIPT_SANDBOXING = YES;
				GCC_C_LANGUAGE_STANDARD = gnu17;
				GCC_NO_COMMON_BLOCKS = YES;
				GCC_WARN_64_TO_32_BIT_CONVERSION = YES;
				GCC_WARN_ABOUT_RETURN_TYPE = YES_ERROR;
				GCC_WARN_UNDECLARED_SELECTOR = YES;
				GCC_WARN_UNINITIALIZED_AUTOS = YES_AGGRESSIVE;
				GCC_WARN_UNUSED_FUNCTION = YES;
				GCC_WARN_UNUSED_VARIABLE = YES;
				LOCALIZATION_PREFERS_STRING_CATALOGS = YES;
				MTL_ENABLE_DEBUG_INFO = NO;
				MTL_FAST_MATH = YES;
				SWIFT_COMPILATION_MODE = wholemodule;
			};
			name = Release;
		};
		2EF41AD92B927A38007431ED /* Debug */ = {
			isa = XCBuildConfiguration;
			buildSettings = {
				ASSETCATALOG_COMPILER_APPICON_NAME = AppIcon;
				ASSETCATALOG_COMPILER_GLOBAL_ACCENT_COLOR_NAME = AccentColor;
				CODE_SIGN_ENTITLEMENTS = KoreanMasterCMSPreBuild/KoreanMasterCMSPreBuild.entitlements;
				CODE_SIGN_STYLE = Automatic;
				CURRENT_PROJECT_VERSION = 1;
				DEVELOPMENT_ASSET_PATHS = "\"KoreanMasterCMSPreBuild/Preview Content\"";
				DEVELOPMENT_TEAM = DRJ4KKKV4T;
				ENABLE_HARDENED_RUNTIME = YES;
				ENABLE_PREVIEWS = YES;
				GENERATE_INFOPLIST_FILE = YES;
				"INFOPLIST_KEY_UIApplicationSceneManifest_Generation[sdk=iphoneos*]" = YES;
				"INFOPLIST_KEY_UIApplicationSceneManifest_Generation[sdk=iphonesimulator*]" = YES;
				"INFOPLIST_KEY_UIApplicationSupportsIndirectInputEvents[sdk=iphoneos*]" = YES;
				"INFOPLIST_KEY_UIApplicationSupportsIndirectInputEvents[sdk=iphonesimulator*]" = YES;
				"INFOPLIST_KEY_UILaunchScreen_Generation[sdk=iphoneos*]" = YES;
				"INFOPLIST_KEY_UILaunchScreen_Generation[sdk=iphonesimulator*]" = YES;
				"INFOPLIST_KEY_UIStatusBarStyle[sdk=iphoneos*]" = UIStatusBarStyleDefault;
				"INFOPLIST_KEY_UIStatusBarStyle[sdk=iphonesimulator*]" = UIStatusBarStyleDefault;
				INFOPLIST_KEY_UISupportedInterfaceOrientations_iPad = "UIInterfaceOrientationPortrait UIInterfaceOrientationPortraitUpsideDown UIInterfaceOrientationLandscapeLeft UIInterfaceOrientationLandscapeRight";
				INFOPLIST_KEY_UISupportedInterfaceOrientations_iPhone = "UIInterfaceOrientationPortrait UIInterfaceOrientationLandscapeLeft UIInterfaceOrientationLandscapeRight";
				IPHONEOS_DEPLOYMENT_TARGET = 17.2;
				LD_RUNPATH_SEARCH_PATHS = "@executable_path/Frameworks";
				"LD_RUNPATH_SEARCH_PATHS[sdk=macosx*]" = "@executable_path/../Frameworks";
				MACOSX_DEPLOYMENT_TARGET = 14.2;
				MARKETING_VERSION = 1.0;
				PRODUCT_BUNDLE_IDENTIFIER = com.MalteRuff.KoreanMasterCMSPreBuild;
				PRODUCT_NAME = "$(TARGET_NAME)";
				SDKROOT = auto;
				SUPPORTED_PLATFORMS = "iphoneos iphonesimulator macosx";
				SWIFT_EMIT_LOC_STRINGS = YES;
				SWIFT_VERSION = 5.0;
				TARGETED_DEVICE_FAMILY = "1,2";
			};
			name = Debug;
		};
		2EF41ADA2B927A38007431ED /* Release */ = {
			isa = XCBuildConfiguration;
			buildSettings = {
				ASSETCATALOG_COMPILER_APPICON_NAME = AppIcon;
				ASSETCATALOG_COMPILER_GLOBAL_ACCENT_COLOR_NAME = AccentColor;
				CODE_SIGN_ENTITLEMENTS = KoreanMasterCMSPreBuild/KoreanMasterCMSPreBuild.entitlements;
				CODE_SIGN_STYLE = Automatic;
				CURRENT_PROJECT_VERSION = 1;
				DEVELOPMENT_ASSET_PATHS = "\"KoreanMasterCMSPreBuild/Preview Content\"";
				DEVELOPMENT_TEAM = DRJ4KKKV4T;
				ENABLE_HARDENED_RUNTIME = YES;
				ENABLE_PREVIEWS = YES;
				GENERATE_INFOPLIST_FILE = YES;
				"INFOPLIST_KEY_UIApplicationSceneManifest_Generation[sdk=iphoneos*]" = YES;
				"INFOPLIST_KEY_UIApplicationSceneManifest_Generation[sdk=iphonesimulator*]" = YES;
				"INFOPLIST_KEY_UIApplicationSupportsIndirectInputEvents[sdk=iphoneos*]" = YES;
				"INFOPLIST_KEY_UIApplicationSupportsIndirectInputEvents[sdk=iphonesimulator*]" = YES;
				"INFOPLIST_KEY_UILaunchScreen_Generation[sdk=iphoneos*]" = YES;
				"INFOPLIST_KEY_UILaunchScreen_Generation[sdk=iphonesimulator*]" = YES;
				"INFOPLIST_KEY_UIStatusBarStyle[sdk=iphoneos*]" = UIStatusBarStyleDefault;
				"INFOPLIST_KEY_UIStatusBarStyle[sdk=iphonesimulator*]" = UIStatusBarStyleDefault;
				INFOPLIST_KEY_UISupportedInterfaceOrientations_iPad = "UIInterfaceOrientationPortrait UIInterfaceOrientationPortraitUpsideDown UIInterfaceOrientationLandscapeLeft UIInterfaceOrientationLandscapeRight";
				INFOPLIST_KEY_UISupportedInterfaceOrientations_iPhone = "UIInterfaceOrientationPortrait UIInterfaceOrientationLandscapeLeft UIInterfaceOrientationLandscapeRight";
				IPHONEOS_DEPLOYMENT_TARGET = 17.2;
				LD_RUNPATH_SEARCH_PATHS = "@executable_path/Frameworks";
				"LD_RUNPATH_SEARCH_PATHS[sdk=macosx*]" = "@executable_path/../Frameworks";
				MACOSX_DEPLOYMENT_TARGET = 14.2;
				MARKETING_VERSION = 1.0;
				PRODUCT_BUNDLE_IDENTIFIER = com.MalteRuff.KoreanMasterCMSPreBuild;
				PRODUCT_NAME = "$(TARGET_NAME)";
				SDKROOT = auto;
				SUPPORTED_PLATFORMS = "iphoneos iphonesimulator macosx";
				SWIFT_EMIT_LOC_STRINGS = YES;
				SWIFT_VERSION = 5.0;
				TARGETED_DEVICE_FAMILY = "1,2";
			};
			name = Release;
		};
/* End XCBuildConfiguration section */

/* Begin XCConfigurationList section */
		2E6C51992B9292DC00626F95 /* Build configuration list for PBXNativeTarget "KoreanMasterCMSPreBuildTests" */ = {
			isa = XCConfigurationList;
			buildConfigurations = (
				2E6C519A2B9292DC00626F95 /* Debug */,
				2E6C519B2B9292DC00626F95 /* Release */,
			);
			defaultConfigurationIsVisible = 0;
			defaultConfigurationName = Release;
		};
		2EF41AC42B927A36007431ED /* Build configuration list for PBXProject "KoreanMasterCMSPreBuild" */ = {
			isa = XCConfigurationList;
			buildConfigurations = (
				2EF41AD62B927A38007431ED /* Debug */,
				2EF41AD72B927A38007431ED /* Release */,
			);
			defaultConfigurationIsVisible = 0;
			defaultConfigurationName = Release;
		};
		2EF41AD82B927A38007431ED /* Build configuration list for PBXNativeTarget "KoreanMasterCMSPreBuild" */ = {
			isa = XCConfigurationList;
			buildConfigurations = (
				2EF41AD92B927A38007431ED /* Debug */,
				2EF41ADA2B927A38007431ED /* Release */,
			);
			defaultConfigurationIsVisible = 0;
			defaultConfigurationName = Release;
		};
/* End XCConfigurationList section */

/* Begin XCRemoteSwiftPackageReference section */
		2EF41ADF2B927B37007431ED /* XCRemoteSwiftPackageReference "firebase-ios-sdk" */ = {
			isa = XCRemoteSwiftPackageReference;
			repositoryURL = "https://github.com/firebase/firebase-ios-sdk";
			requirement = {
				kind = upToNextMajorVersion;
				minimumVersion = 10.21.0;
			};
		};
/* End XCRemoteSwiftPackageReference section */

/* Begin XCSwiftPackageProductDependency section */
		2EF41AE02B927B37007431ED /* FirebaseAuth */ = {
			isa = XCSwiftPackageProductDependency;
			package = 2EF41ADF2B927B37007431ED /* XCRemoteSwiftPackageReference "firebase-ios-sdk" */;
			productName = FirebaseAuth;
		};
		2EF41AE22B927B37007431ED /* FirebaseFirestore */ = {
			isa = XCSwiftPackageProductDependency;
			package = 2EF41ADF2B927B37007431ED /* XCRemoteSwiftPackageReference "firebase-ios-sdk" */;
			productName = FirebaseFirestore;
		};
/* End XCSwiftPackageProductDependency section */
	};
	rootObject = 2EF41AC12B927A36007431ED /* Project object */;
}
